
Microsoft Visual Studio Solution File, Format Version 12.00
# Visual Studio Version 17
VisualStudioVersion = 17.10.34928.147
MinimumVisualStudioVersion = 10.0.40219.1
Project("{2150E333-8FDC-42A3-9474-1A3956D46DE8}") = "src", "src", "{81A2AC59-F294-41AD-B167-C15B9641EC1C}"
EndProject
Project("{2150E333-8FDC-42A3-9474-1A3956D46DE8}") = "test", "test", "{5206F7C9-216A-43E5-83F9-21D612E5F9E3}"
EndProject
Project("{2150E333-8FDC-42A3-9474-1A3956D46DE8}") = "docker", "docker", "{D40247BA-02D2-4A2D-8930-CD4935670D28}"
EndProject
Project("{9A19103F-16F7-4668-BE54-9A1E7A4F7556}") = "dockerCompose", "docker\dockerCompose\dockerCompose.dcproj", "{BA6B0FB3-8F1A-4C35-A1BB-399CBA25AB31}"
EndProject
Project("{2150E333-8FDC-42A3-9474-1A3956D46DE8}") = "libs", "libs", "{F6ED6897-8597-4EC6-A164-214CBFF25208}"
EndProject
Project("{2150E333-8FDC-42A3-9474-1A3956D46DE8}") = "libs", "libs", "{439B1828-A93B-491C-8F54-F821D080FBE8}"
EndProject
Project("{2150E333-8FDC-42A3-9474-1A3956D46DE8}") = "modules", "modules", "{ABA19057-98E2-4798-8820-7CB239A5F5D7}"
EndProject
Project("{2150E333-8FDC-42A3-9474-1A3956D46DE8}") = "modules", "modules", "{2BCC7704-BDEF-4931-9BE1-B0008011C8A5}"
EndProject
Project("{2150E333-8FDC-42A3-9474-1A3956D46DE8}") = "apps", "apps", "{63B6B2DC-135C-4D43-A848-D38409F5118D}"
EndProject
Project("{2150E333-8FDC-42A3-9474-1A3956D46DE8}") = "apps", "apps", "{044714A0-8F76-4105-B807-89FAAFC786C7}"
EndProject
Project("{2150E333-8FDC-42A3-9474-1A3956D46DE8}") = "portal", "portal", "{AA33B4DF-8DD4-4D54-8642-92C8A282B767}"
EndProject
Project("{2150E333-8FDC-42A3-9474-1A3956D46DE8}") = "app-host", "app-host", "{08543051-9CC7-4F36-B75E-566A49499480}"
EndProject
Project("{9A19103F-16F7-4668-BE54-9A1E7A4F7556}") = "InnovateX.AppHost", "src\app-host\InnovateX.AppHost\InnovateX.AppHost.csproj", "{DB6C4140-DBC7-4A6F-AEE3-D93AAB8ED5D3}"
EndProject
Project("{9A19103F-16F7-4668-BE54-9A1E7A4F7556}") = "InnovateX.ServiceDefaults", "src\app-host\InnovateX.ServiceDefaults\InnovateX.ServiceDefaults.csproj", "{C8ED5663-A5CC-4633-96AE-0EC0A60874FF}"
EndProject
Project("{9A19103F-16F7-4668-BE54-9A1E7A4F7556}") = "InnovateX.Tests", "test\app-host\InnovateX.Tests\InnovateX.Tests.csproj", "{84187797-A3A7-47C1-A789-1C834DD8D0BD}"
EndProject
Project("{2150E333-8FDC-42A3-9474-1A3956D46DE8}") = "app-host", "app-host", "{C2B82A8C-33D0-4F17-B31A-642460DF77F1}"
EndProject
Project("{2150E333-8FDC-42A3-9474-1A3956D46DE8}") = "portal", "portal", "{164E27E2-0853-4F50-9381-3CCB44A14979}"
EndProject
Project("{9A19103F-16F7-4668-BE54-9A1E7A4F7556}") = "InnovateX.Web.Blazor", "src\apps\InnovateX.Web.Blazor\InnovateX.Web.Blazor.csproj", "{3ECE7A7A-F12A-4A53-A8D9-DF8AA2076824}"
EndProject
Project("{9A19103F-16F7-4668-BE54-9A1E7A4F7556}") = "InnovateX.ApiService", "src\modules\portal\InnovateX.ApiService\InnovateX.ApiService.csproj", "{676A7D54-6E1D-4F59-A505-555DE5440A4D}"
EndProject
Global
	GlobalSection(SolutionConfigurationPlatforms) = preSolution
		Debug|Any CPU = Debug|Any CPU
		Release|Any CPU = Release|Any CPU
	EndGlobalSection
	GlobalSection(ProjectConfigurationPlatforms) = postSolution
		{BA6B0FB3-8F1A-4C35-A1BB-399CBA25AB31}.Debug|Any CPU.ActiveCfg = Debug|Any CPU
		{BA6B0FB3-8F1A-4C35-A1BB-399CBA25AB31}.Debug|Any CPU.Build.0 = Debug|Any CPU
		{BA6B0FB3-8F1A-4C35-A1BB-399CBA25AB31}.Release|Any CPU.ActiveCfg = Debug|Any CPU
		{BA6B0FB3-8F1A-4C35-A1BB-399CBA25AB31}.Release|Any CPU.Build.0 = Debug|Any CPU
		{DB6C4140-DBC7-4A6F-AEE3-D93AAB8ED5D3}.Debug|Any CPU.ActiveCfg = Debug|Any CPU
		{DB6C4140-DBC7-4A6F-AEE3-D93AAB8ED5D3}.Debug|Any CPU.Build.0 = Debug|Any CPU
		{DB6C4140-DBC7-4A6F-AEE3-D93AAB8ED5D3}.Release|Any CPU.ActiveCfg = Release|Any CPU
		{DB6C4140-DBC7-4A6F-AEE3-D93AAB8ED5D3}.Release|Any CPU.Build.0 = Release|Any CPU
		{C8ED5663-A5CC-4633-96AE-0EC0A60874FF}.Debug|Any CPU.ActiveCfg = Debug|Any CPU
		{C8ED5663-A5CC-4633-96AE-0EC0A60874FF}.Debug|Any CPU.Build.0 = Debug|Any CPU
		{C8ED5663-A5CC-4633-96AE-0EC0A60874FF}.Release|Any CPU.ActiveCfg = Release|Any CPU
		{C8ED5663-A5CC-4633-96AE-0EC0A60874FF}.Release|Any CPU.Build.0 = Release|Any CPU
		{84187797-A3A7-47C1-A789-1C834DD8D0BD}.Debug|Any CPU.ActiveCfg = Debug|Any CPU
		{84187797-A3A7-47C1-A789-1C834DD8D0BD}.Debug|Any CPU.Build.0 = Debug|Any CPU
		{84187797-A3A7-47C1-A789-1C834DD8D0BD}.Release|Any CPU.ActiveCfg = Release|Any CPU
		{84187797-A3A7-47C1-A789-1C834DD8D0BD}.Release|Any CPU.Build.0 = Release|Any CPU
		{3ECE7A7A-F12A-4A53-A8D9-DF8AA2076824}.Debug|Any CPU.ActiveCfg = Debug|Any CPU
		{3ECE7A7A-F12A-4A53-A8D9-DF8AA2076824}.Debug|Any CPU.Build.0 = Debug|Any CPU
		{3ECE7A7A-F12A-4A53-A8D9-DF8AA2076824}.Release|Any CPU.ActiveCfg = Release|Any CPU
		{3ECE7A7A-F12A-4A53-A8D9-DF8AA2076824}.Release|Any CPU.Build.0 = Release|Any CPU
		{676A7D54-6E1D-4F59-A505-555DE5440A4D}.Debug|Any CPU.ActiveCfg = Debug|Any CPU
		{676A7D54-6E1D-4F59-A505-555DE5440A4D}.Debug|Any CPU.Build.0 = Debug|Any CPU
		{676A7D54-6E1D-4F59-A505-555DE5440A4D}.Release|Any CPU.ActiveCfg = Release|Any CPU
		{676A7D54-6E1D-4F59-A505-555DE5440A4D}.Release|Any CPU.Build.0 = Release|Any CPU
	EndGlobalSection
	GlobalSection(SolutionProperties) = preSolution
		HideSolutionNode = FALSE
	EndGlobalSection
	GlobalSection(NestedProjects) = preSolution
		{BA6B0FB3-8F1A-4C35-A1BB-399CBA25AB31} = {D40247BA-02D2-4A2D-8930-CD4935670D28}
		{F6ED6897-8597-4EC6-A164-214CBFF25208} = {81A2AC59-F294-41AD-B167-C15B9641EC1C}
		{439B1828-A93B-491C-8F54-F821D080FBE8} = {5206F7C9-216A-43E5-83F9-21D612E5F9E3}
		{ABA19057-98E2-4798-8820-7CB239A5F5D7} = {81A2AC59-F294-41AD-B167-C15B9641EC1C}
		{2BCC7704-BDEF-4931-9BE1-B0008011C8A5} = {5206F7C9-216A-43E5-83F9-21D612E5F9E3}
		{63B6B2DC-135C-4D43-A848-D38409F5118D} = {81A2AC59-F294-41AD-B167-C15B9641EC1C}
		{044714A0-8F76-4105-B807-89FAAFC786C7} = {5206F7C9-216A-43E5-83F9-21D612E5F9E3}
		{AA33B4DF-8DD4-4D54-8642-92C8A282B767} = {ABA19057-98E2-4798-8820-7CB239A5F5D7}
		{08543051-9CC7-4F36-B75E-566A49499480} = {81A2AC59-F294-41AD-B167-C15B9641EC1C}
		{DB6C4140-DBC7-4A6F-AEE3-D93AAB8ED5D3} = {08543051-9CC7-4F36-B75E-566A49499480}
		{C8ED5663-A5CC-4633-96AE-0EC0A60874FF} = {08543051-9CC7-4F36-B75E-566A49499480}
		{84187797-A3A7-47C1-A789-1C834DD8D0BD} = {C2B82A8C-33D0-4F17-B31A-642460DF77F1}
		{C2B82A8C-33D0-4F17-B31A-642460DF77F1} = {5206F7C9-216A-43E5-83F9-21D612E5F9E3}
		{164E27E2-0853-4F50-9381-3CCB44A14979} = {2BCC7704-BDEF-4931-9BE1-B0008011C8A5}
		{3ECE7A7A-F12A-4A53-A8D9-DF8AA2076824} = {63B6B2DC-135C-4D43-A848-D38409F5118D}
		{676A7D54-6E1D-4F59-A505-555DE5440A4D} = {AA33B4DF-8DD4-4D54-8642-92C8A282B767}
	EndGlobalSection
	GlobalSection(ExtensibilityGlobals) = postSolution
		SolutionGuid = {FBA700C0-4EF9-4C22-AAA8-ED7037532302}
	EndGlobalSection
EndGlobal
